
Microsoft Visual Studio Solution File, Format Version 12.00
# Visual Studio Version 16
VisualStudioVersion = 16.0.31005.135
MinimumVisualStudioVersion = 10.0.40219.1
Project("{FAE04EC0-301F-11D3-BF4B-00C04F79EFBC}") = "CursoProfissional", "CursoProfissional\CursoProfissional.csproj", "{346D3053-EA2D-4942-893D-43BD14039D27}"
EndProject
Global
	GlobalSection(SolutionConfigurationPlatforms) = preSolution
		Debug|Any CPU = Debug|Any CPU
		Release|Any CPU = Release|Any CPU
	EndGlobalSection
	GlobalSection(ProjectConfigurationPlatforms) = postSolution
		{346D3053-EA2D-4942-893D-43BD14039D27}.Debug|Any CPU.ActiveCfg = Debug|Any CPU
		{346D3053-EA2D-4942-893D-43BD14039D27}.Debug|Any CPU.Build.0 = Debug|Any CPU
		{346D3053-EA2D-4942-893D-43BD14039D27}.Release|Any CPU.ActiveCfg = Release|Any CPU
		{346D3053-EA2D-4942-893D-43BD14039D27}.Release|Any CPU.Build.0 = Release|Any CPU
	EndGlobalSection
	GlobalSection(SolutionProperties) = preSolution
		HideSolutionNode = FALSE
	EndGlobalSection
	GlobalSection(ExtensibilityGlobals) = postSolution
		SolutionGuid = {73EC7378-D5BD-4EE1-8520-37D74AC9444A}
	EndGlobalSection
EndGlobal
